
Microsoft Visual Studio Solution File, Format Version 12.00
# Visual Studio Version 16
VisualStudioVersion = 16.0.30804.86
MinimumVisualStudioVersion = 10.0.40219.1
Project("{FAE04EC0-301F-11D3-BF4B-00C04F79EFBC}") = "Task_1", "Task_1\Task_1.csproj", "{48F2A488-C6CF-4C43-A16C-33D0A82871A6}"
EndProject
Project("{FAE04EC0-301F-11D3-BF4B-00C04F79EFBC}") = "Task_2", "Task_2\Task_2.csproj", "{6C7D86DD-F46A-4830-9347-D4E97C2A5614}"
EndProject
Global
	GlobalSection(SolutionConfigurationPlatforms) = preSolution
		Debug|Any CPU = Debug|Any CPU
		Release|Any CPU = Release|Any CPU
	EndGlobalSection
	GlobalSection(ProjectConfigurationPlatforms) = postSolution
		{48F2A488-C6CF-4C43-A16C-33D0A82871A6}.Debug|Any CPU.ActiveCfg = Debug|Any CPU
		{48F2A488-C6CF-4C43-A16C-33D0A82871A6}.Debug|Any CPU.Build.0 = Debug|Any CPU
		{48F2A488-C6CF-4C43-A16C-33D0A82871A6}.Release|Any CPU.ActiveCfg = Release|Any CPU
		{48F2A488-C6CF-4C43-A16C-33D0A82871A6}.Release|Any CPU.Build.0 = Release|Any CPU
		{6C7D86DD-F46A-4830-9347-D4E97C2A5614}.Debug|Any CPU.ActiveCfg = Debug|Any CPU
		{6C7D86DD-F46A-4830-9347-D4E97C2A5614}.Debug|Any CPU.Build.0 = Debug|Any CPU
		{6C7D86DD-F46A-4830-9347-D4E97C2A5614}.Release|Any CPU.ActiveCfg = Release|Any CPU
		{6C7D86DD-F46A-4830-9347-D4E97C2A5614}.Release|Any CPU.Build.0 = Release|Any CPU
	EndGlobalSection
	GlobalSection(SolutionProperties) = preSolution
		HideSolutionNode = FALSE
	EndGlobalSection
	GlobalSection(ExtensibilityGlobals) = postSolution
		SolutionGuid = {25C8B490-5170-4601-9AB6-22296C94DCFE}
	EndGlobalSection
EndGlobal
